
Microsoft Visual Studio Solution File, Format Version 12.00
# Visual Studio 15
VisualStudioVersion = 15.0.27703.2035
MinimumVisualStudioVersion = 10.0.40219.1
Project("{FAE04EC0-301F-11D3-BF4B-00C04F79EFBC}") = "PE.URRUTIA", "PE.URRUTIA\PE.URRUTIA.csproj", "{5C392970-FAA2-4264-A665-32F97FBDC031}"
EndProject
Global
	GlobalSection(SolutionConfigurationPlatforms) = preSolution
		Debug|Any CPU = Debug|Any CPU
		Release|Any CPU = Release|Any CPU
	EndGlobalSection
	GlobalSection(ProjectConfigurationPlatforms) = postSolution
		{5C392970-FAA2-4264-A665-32F97FBDC031}.Debug|Any CPU.ActiveCfg = Debug|Any CPU
		{5C392970-FAA2-4264-A665-32F97FBDC031}.Debug|Any CPU.Build.0 = Debug|Any CPU
		{5C392970-FAA2-4264-A665-32F97FBDC031}.Release|Any CPU.ActiveCfg = Release|Any CPU
		{5C392970-FAA2-4264-A665-32F97FBDC031}.Release|Any CPU.Build.0 = Release|Any CPU
	EndGlobalSection
	GlobalSection(SolutionProperties) = preSolution
		HideSolutionNode = FALSE
	EndGlobalSection
	GlobalSection(ExtensibilityGlobals) = postSolution
		SolutionGuid = {5297CC2E-C8CA-4BA4-BDC6-7C1906E31DDB}
	EndGlobalSection
EndGlobal
